
Microsoft Visual Studio Solution File, Format Version 12.00f
# Visual Studio Version 16
VisualStudioVersion = 16.0.29123.88
MinimumVisualStudioVersion = 10.0.40219.1
Project("{8BC9CEB8-8B4A-11D0-8D11-00A0C91BC942}") = "ConsoleApplication8", "ConsoleApplication8\ConsoleApplication8.vcxproj", "{F801635A-063F-426C-B2C0-BE7FF77AFAC3}"
EndProject
Global
	GlobalSection(SolutionConfigurationPlatforms) = preSolution
		Debug|x64 = Debug|x64
		Debug|x86 = Debug|x86
		Release|x64 = Release|x64
		Release|x86 = Release|x86
	EndGlobalSection
	GlobalSection(ProjectConfigurationPlatforms) = postSolution
		{F801635A-063F-426C-B2C0-BE7FF77AFAC3}.Debug|x64.ActiveCfg = Debug|x64
		{F801635A-063F-426C-B2C0-BE7FF77AFAC3}.Debug|x64.Build.0 = Debug|x64
		{F801635A-063F-426C-B2C0-BE7FF77AFAC3}.Debug|x86.ActiveCfg = Debug|Win32
		{F801635A-063F-426C-B2C0-BE7FF77AFAC3}.Debug|x86.Build.0 = Debug|Win32
		{F801635A-063F-426C-B2C0-BE7FF77AFAC3}.Release|x64.ActiveCfg = Release|x64
		{F801635A-063F-426C-B2C0-BE7FF77AFAC3}.Release|x64.Build.0 = Release|x64
		{F801635A-063F-426C-B2C0-BE7FF77AFAC3}.Release|x86.ActiveCfg = Release|Win32
		{F801635A-063F-426C-B2C0-BE7FF77AFAC3}.Release|x86.Build.0 = Release|Win32
	EndGlobalSection
	GlobalSection(SolutionProperties) = preSolution
		HideSolutionNode = FALSE
	EndGlobalSection
	GlobalSection(ExtensibilityGlobals) = postSolution
		SolutionGuid = {B3991195-4900-4293-8E19-63122FC6AFA9}
	EndGlobalSection
EndGlobal
